
Microsoft Visual Studio Solution File, Format Version 12.00
# Visual Studio 15
Project("{FAE04EC0-301F-11D3-BF4B-00C04F79EFBC}") = "Assembly-CSharp", "Assembly-CSharp.csproj", "{5ABF31F4-2C1F-598B-0B7E-250EA3C68141}"
EndProject
Project("{FAE04EC0-301F-11D3-BF4B-00C04F79EFBC}") = "Assembly-CSharp-Editor", "Assembly-CSharp-Editor.csproj", "{9F65254E-F4F7-6E28-6282-634C8B40AEE2}"
EndProject
Global
	GlobalSection(SolutionConfigurationPlatforms) = preSolution
		Debug|Any CPU = Debug|Any CPU
		Release|Any CPU = Release|Any CPU
	EndGlobalSection
	GlobalSection(ProjectConfigurationPlatforms) = postSolution
		{5ABF31F4-2C1F-598B-0B7E-250EA3C68141}.Debug|Any CPU.ActiveCfg = Debug|Any CPU
		{5ABF31F4-2C1F-598B-0B7E-250EA3C68141}.Debug|Any CPU.Build.0 = Debug|Any CPU
		{5ABF31F4-2C1F-598B-0B7E-250EA3C68141}.Release|Any CPU.ActiveCfg = Release|Any CPU
		{5ABF31F4-2C1F-598B-0B7E-250EA3C68141}.Release|Any CPU.Build.0 = Release|Any CPU
		{9F65254E-F4F7-6E28-6282-634C8B40AEE2}.Debug|Any CPU.ActiveCfg = Debug|Any CPU
		{9F65254E-F4F7-6E28-6282-634C8B40AEE2}.Debug|Any CPU.Build.0 = Debug|Any CPU
		{9F65254E-F4F7-6E28-6282-634C8B40AEE2}.Release|Any CPU.ActiveCfg = Release|Any CPU
		{9F65254E-F4F7-6E28-6282-634C8B40AEE2}.Release|Any CPU.Build.0 = Release|Any CPU
	EndGlobalSection
	GlobalSection(SolutionProperties) = preSolution
		HideSolutionNode = FALSE
	EndGlobalSection
EndGlobal
